
Microsoft Visual Studio Solution File, Format Version 12.00
# Visual Studio Version 17
VisualStudioVersion = 17.1.32328.378
MinimumVisualStudioVersion = 10.0.40219.1
Project("{9A19103F-16F7-4668-BE54-9A1E7A4F7556}") = "CookingApi.Web", "CookingApi.Web\CookingApi.Web.csproj", "{E74CC546-4AA0-4E37-8412-B30AEB25EBF4}"
EndProject
Project("{9A19103F-16F7-4668-BE54-9A1E7A4F7556}") = "CookingApi.Domain", "CookingApi.Domain\CookingApi.Domain.csproj", "{ADD6B841-DD82-4E27-B586-A40762865D61}"
EndProject
Project("{9A19103F-16F7-4668-BE54-9A1E7A4F7556}") = "CookingApi.Infrastructure", "CookingApi.Infrastructure\CookingApi.Infrastructure.csproj", "{570B0747-4FCC-4A26-B1AC-C97FF95058B2}"
EndProject
Project("{00D1A9C2-B5F0-4AF3-8072-F6C62B433612}") = "CookingApi.Database", "CookingApi.Database\CookingApi.Database.sqlproj", "{434BA813-434C-45D6-85C3-36B2129E74A5}"
EndProject
Global
	GlobalSection(SolutionConfigurationPlatforms) = preSolution
		Debug|Any CPU = Debug|Any CPU
		Release|Any CPU = Release|Any CPU
	EndGlobalSection
	GlobalSection(ProjectConfigurationPlatforms) = postSolution
		{E74CC546-4AA0-4E37-8412-B30AEB25EBF4}.Debug|Any CPU.ActiveCfg = Debug|Any CPU
		{E74CC546-4AA0-4E37-8412-B30AEB25EBF4}.Debug|Any CPU.Build.0 = Debug|Any CPU
		{E74CC546-4AA0-4E37-8412-B30AEB25EBF4}.Release|Any CPU.ActiveCfg = Release|Any CPU
		{E74CC546-4AA0-4E37-8412-B30AEB25EBF4}.Release|Any CPU.Build.0 = Release|Any CPU
		{ADD6B841-DD82-4E27-B586-A40762865D61}.Debug|Any CPU.ActiveCfg = Debug|Any CPU
		{ADD6B841-DD82-4E27-B586-A40762865D61}.Debug|Any CPU.Build.0 = Debug|Any CPU
		{ADD6B841-DD82-4E27-B586-A40762865D61}.Release|Any CPU.ActiveCfg = Release|Any CPU
		{ADD6B841-DD82-4E27-B586-A40762865D61}.Release|Any CPU.Build.0 = Release|Any CPU
		{570B0747-4FCC-4A26-B1AC-C97FF95058B2}.Debug|Any CPU.ActiveCfg = Debug|Any CPU
		{570B0747-4FCC-4A26-B1AC-C97FF95058B2}.Debug|Any CPU.Build.0 = Debug|Any CPU
		{570B0747-4FCC-4A26-B1AC-C97FF95058B2}.Release|Any CPU.ActiveCfg = Release|Any CPU
		{570B0747-4FCC-4A26-B1AC-C97FF95058B2}.Release|Any CPU.Build.0 = Release|Any CPU
		{434BA813-434C-45D6-85C3-36B2129E74A5}.Debug|Any CPU.ActiveCfg = Debug|Any CPU
		{434BA813-434C-45D6-85C3-36B2129E74A5}.Debug|Any CPU.Build.0 = Debug|Any CPU
		{434BA813-434C-45D6-85C3-36B2129E74A5}.Debug|Any CPU.Deploy.0 = Debug|Any CPU
		{434BA813-434C-45D6-85C3-36B2129E74A5}.Release|Any CPU.ActiveCfg = Release|Any CPU
		{434BA813-434C-45D6-85C3-36B2129E74A5}.Release|Any CPU.Build.0 = Release|Any CPU
		{434BA813-434C-45D6-85C3-36B2129E74A5}.Release|Any CPU.Deploy.0 = Release|Any CPU
	EndGlobalSection
	GlobalSection(SolutionProperties) = preSolution
		HideSolutionNode = FALSE
	EndGlobalSection
	GlobalSection(ExtensibilityGlobals) = postSolution
		SolutionGuid = {E9D17C83-D675-429C-AECB-3C0778B84304}
	EndGlobalSection
EndGlobal
